
Microsoft Visual Studio Solution File, Format Version 12.00
# Visual Studio 14
VisualStudioVersion = 14.0.25420.1
MinimumVisualStudioVersion = 10.0.40219.1
Project("{FAE04EC0-301F-11D3-BF4B-00C04F79EFBC}") = "Revisiting", "Revisiting\Revisiting.csproj", "{1073F703-106F-4681-B278-A3218A359836}"
EndProject
Project("{FAE04EC0-301F-11D3-BF4B-00C04F79EFBC}") = "Trizetto1.Tests", "Trizetto1.Tests\Trizetto1.Tests.csproj", "{A69159FA-261C-4CF9-AA85-F1F78632F8DB}"
EndProject
Global
	GlobalSection(SolutionConfigurationPlatforms) = preSolution
		Debug|Any CPU = Debug|Any CPU
		Release|Any CPU = Release|Any CPU
	EndGlobalSection
	GlobalSection(ProjectConfigurationPlatforms) = postSolution
		{1073F703-106F-4681-B278-A3218A359836}.Debug|Any CPU.ActiveCfg = Debug|Any CPU
		{1073F703-106F-4681-B278-A3218A359836}.Debug|Any CPU.Build.0 = Debug|Any CPU
		{1073F703-106F-4681-B278-A3218A359836}.Release|Any CPU.ActiveCfg = Release|Any CPU
		{1073F703-106F-4681-B278-A3218A359836}.Release|Any CPU.Build.0 = Release|Any CPU
		{A69159FA-261C-4CF9-AA85-F1F78632F8DB}.Debug|Any CPU.ActiveCfg = Debug|Any CPU
		{A69159FA-261C-4CF9-AA85-F1F78632F8DB}.Debug|Any CPU.Build.0 = Debug|Any CPU
		{A69159FA-261C-4CF9-AA85-F1F78632F8DB}.Release|Any CPU.ActiveCfg = Release|Any CPU
		{A69159FA-261C-4CF9-AA85-F1F78632F8DB}.Release|Any CPU.Build.0 = Release|Any CPU
	EndGlobalSection
	GlobalSection(SolutionProperties) = preSolution
		HideSolutionNode = FALSE
	EndGlobalSection
EndGlobal
